
Microsoft Visual Studio Solution File, Format Version 12.00
# Visual Studio Version 17
VisualStudioVersion = 17.8.34330.188
MinimumVisualStudioVersion = 10.0.40219.1
Project("{FAE04EC0-301F-11D3-BF4B-00C04F79EFBC}") = "IT499_RiskyShoppingProject", "IT499_RiskyShoppingProject\IT499_RiskyShoppingProject.csproj", "{75B4E11C-D8BA-4CC7-864C-8B85D216A360}"
EndProject
Global
	GlobalSection(SolutionConfigurationPlatforms) = preSolution
		Debug|Any CPU = Debug|Any CPU
		Release|Any CPU = Release|Any CPU
	EndGlobalSection
	GlobalSection(ProjectConfigurationPlatforms) = postSolution
		{75B4E11C-D8BA-4CC7-864C-8B85D216A360}.Debug|Any CPU.ActiveCfg = Debug|Any CPU
		{75B4E11C-D8BA-4CC7-864C-8B85D216A360}.Debug|Any CPU.Build.0 = Debug|Any CPU
		{75B4E11C-D8BA-4CC7-864C-8B85D216A360}.Release|Any CPU.ActiveCfg = Release|Any CPU
		{75B4E11C-D8BA-4CC7-864C-8B85D216A360}.Release|Any CPU.Build.0 = Release|Any CPU
	EndGlobalSection
	GlobalSection(SolutionProperties) = preSolution
		HideSolutionNode = FALSE
	EndGlobalSection
	GlobalSection(ExtensibilityGlobals) = postSolution
		SolutionGuid = {CBCF3DB0-70F2-4878-9831-0BE79B96FAAA}
	EndGlobalSection
EndGlobal
